
Microsoft Visual Studio Solution File, Format Version 12.00
# Visual Studio 15
VisualStudioVersion = 15.0.27130.2027
MinimumVisualStudioVersion = 10.0.40219.1
Project("{FAE04EC0-301F-11D3-BF4B-00C04F79EFBC}") = "PageLayout", "PageLayout\PageLayout.csproj", "{32D040E2-2A37-4323-90D9-46710FC7C0F2}"
EndProject
Project("{FAE04EC0-301F-11D3-BF4B-00C04F79EFBC}") = "PageLayoutFormatterHandlerTest", "PageLayoutFormatterHandlerTest\PageLayoutFormatterHandlerTest.csproj", "{99E21018-DD2F-4867-886A-F2A1403E3E47}"
EndProject
Project("{FAE04EC0-301F-11D3-BF4B-00C04F79EFBC}") = "ContentFormatterTest", "ContentFormatterTest\ContentFormatterTest.csproj", "{FA9D0AAD-29F3-4EAB-8140-25349F52DFB3}"
EndProject
Global
	GlobalSection(SolutionConfigurationPlatforms) = preSolution
		Debug|Any CPU = Debug|Any CPU
		Release|Any CPU = Release|Any CPU
	EndGlobalSection
	GlobalSection(ProjectConfigurationPlatforms) = postSolution
		{32D040E2-2A37-4323-90D9-46710FC7C0F2}.Debug|Any CPU.ActiveCfg = Debug|Any CPU
		{32D040E2-2A37-4323-90D9-46710FC7C0F2}.Debug|Any CPU.Build.0 = Debug|Any CPU
		{32D040E2-2A37-4323-90D9-46710FC7C0F2}.Release|Any CPU.ActiveCfg = Release|Any CPU
		{32D040E2-2A37-4323-90D9-46710FC7C0F2}.Release|Any CPU.Build.0 = Release|Any CPU
		{99E21018-DD2F-4867-886A-F2A1403E3E47}.Debug|Any CPU.ActiveCfg = Debug|Any CPU
		{99E21018-DD2F-4867-886A-F2A1403E3E47}.Debug|Any CPU.Build.0 = Debug|Any CPU
		{99E21018-DD2F-4867-886A-F2A1403E3E47}.Release|Any CPU.ActiveCfg = Release|Any CPU
		{99E21018-DD2F-4867-886A-F2A1403E3E47}.Release|Any CPU.Build.0 = Release|Any CPU
		{FA9D0AAD-29F3-4EAB-8140-25349F52DFB3}.Debug|Any CPU.ActiveCfg = Debug|Any CPU
		{FA9D0AAD-29F3-4EAB-8140-25349F52DFB3}.Debug|Any CPU.Build.0 = Debug|Any CPU
		{FA9D0AAD-29F3-4EAB-8140-25349F52DFB3}.Release|Any CPU.ActiveCfg = Release|Any CPU
		{FA9D0AAD-29F3-4EAB-8140-25349F52DFB3}.Release|Any CPU.Build.0 = Release|Any CPU
	EndGlobalSection
	GlobalSection(SolutionProperties) = preSolution
		HideSolutionNode = FALSE
	EndGlobalSection
	GlobalSection(ExtensibilityGlobals) = postSolution
		SolutionGuid = {DFD2378E-1AAB-4FE9-A554-8AFD0CF5577F}
	EndGlobalSection
EndGlobal
